
Microsoft Visual Studio Solution File, Format Version 12.00
# Visual Studio Version 17
VisualStudioVersion = 17.0.31903.59
MinimumVisualStudioVersion = 10.0.40219.1
Project("{2150E333-8FDC-42A3-9474-1A3956D46DE8}") = "src", "src", "{3B6DBC33-232E-4684-8659-766EA08B4E06}"
EndProject
Project("{2150E333-8FDC-42A3-9474-1A3956D46DE8}") = "backend", "backend", "{10C6DCF7-27AB-4519-92BF-320F032270BE}"
EndProject
Project("{FAE04EC0-301F-11D3-BF4B-00C04F79EFBC}") = "Contacts", "src\backend\Contacts\Contacts.csproj", "{96628B0F-BAAE-4F50-8AB5-1D23DB49469B}"
EndProject
Global
	GlobalSection(SolutionConfigurationPlatforms) = preSolution
		Debug|Any CPU = Debug|Any CPU
		Release|Any CPU = Release|Any CPU
	EndGlobalSection
	GlobalSection(SolutionProperties) = preSolution
		HideSolutionNode = FALSE
	EndGlobalSection
	GlobalSection(ProjectConfigurationPlatforms) = postSolution
		{96628B0F-BAAE-4F50-8AB5-1D23DB49469B}.Debug|Any CPU.ActiveCfg = Debug|Any CPU
		{96628B0F-BAAE-4F50-8AB5-1D23DB49469B}.Debug|Any CPU.Build.0 = Debug|Any CPU
		{96628B0F-BAAE-4F50-8AB5-1D23DB49469B}.Release|Any CPU.ActiveCfg = Release|Any CPU
		{96628B0F-BAAE-4F50-8AB5-1D23DB49469B}.Release|Any CPU.Build.0 = Release|Any CPU
	EndGlobalSection
	GlobalSection(NestedProjects) = preSolution
		{10C6DCF7-27AB-4519-92BF-320F032270BE} = {3B6DBC33-232E-4684-8659-766EA08B4E06}
		{96628B0F-BAAE-4F50-8AB5-1D23DB49469B} = {10C6DCF7-27AB-4519-92BF-320F032270BE}
	EndGlobalSection
EndGlobal
